{
  "paper_id": "2603.22458",
  "paper_title": "MinerU-Diffusion: Rethinking Document OCR as Inverse Rendering via Diffusion Decoding",
  "session_id": "session-20260325-001",
  "started_at": "2026-03-25T00:00:00+09:00",
  "target_branch_name": "paper/2026-03-25-mineru-diffusion-rethinking-document-ocr-as-invers"
}
